
Microsoft Visual Studio Solution File, Format Version 12.00
# Visual Studio 14
VisualStudioVersion = 14.0.25420.1
MinimumVisualStudioVersion = 10.0.40219.1
Project("{FAE04EC0-301F-11D3-BF4B-00C04F79EFBC}") = "Lang", "Lang\Lang.csproj", "{37F13707-0783-424E-8D35-7518377A3A7A}"
EndProject
Project("{FAE04EC0-301F-11D3-BF4B-00C04F79EFBC}") = "Lang.Tests", "Lang.Tests\Lang.Tests.csproj", "{BA58B05D-8EEE-4FF3-B644-46528525C0A8}"
EndProject
Project("{FAE04EC0-301F-11D3-BF4B-00C04F79EFBC}") = "Interpreter", "Interpreter\Interpreter.csproj", "{B311E47E-EC9D-4B07-BC63-84C602FB88DE}"
EndProject
Project("{FAE04EC0-301F-11D3-BF4B-00C04F79EFBC}") = "UniversalTranspiler", "UniversalTranspiler\UniversalTranspiler.csproj", "{52B20D1B-ACF7-48EF-9614-FC5E6EFA5822}"
EndProject
Project("{FAE04EC0-301F-11D3-BF4B-00C04F79EFBC}") = "UniversalTranspiler.Tests", "UniversalTranspiler.Tests\UniversalTranspiler.Tests.csproj", "{934EC2B1-6E14-4F63-8632-125BB708EEFD}"
EndProject
Global
	GlobalSection(SolutionConfigurationPlatforms) = preSolution
		Debug|Any CPU = Debug|Any CPU
		Debug|x86 = Debug|x86
		Release|Any CPU = Release|Any CPU
		Release|x86 = Release|x86
	EndGlobalSection
	GlobalSection(ProjectConfigurationPlatforms) = postSolution
		{37F13707-0783-424E-8D35-7518377A3A7A}.Debug|Any CPU.ActiveCfg = Debug|x86
		{37F13707-0783-424E-8D35-7518377A3A7A}.Debug|x86.ActiveCfg = Debug|x86
		{37F13707-0783-424E-8D35-7518377A3A7A}.Debug|x86.Build.0 = Debug|x86
		{37F13707-0783-424E-8D35-7518377A3A7A}.Release|Any CPU.ActiveCfg = Release|x86
		{37F13707-0783-424E-8D35-7518377A3A7A}.Release|x86.ActiveCfg = Release|x86
		{37F13707-0783-424E-8D35-7518377A3A7A}.Release|x86.Build.0 = Release|x86
		{BA58B05D-8EEE-4FF3-B644-46528525C0A8}.Debug|Any CPU.ActiveCfg = Debug|x86
		{BA58B05D-8EEE-4FF3-B644-46528525C0A8}.Debug|x86.ActiveCfg = Debug|x86
		{BA58B05D-8EEE-4FF3-B644-46528525C0A8}.Debug|x86.Build.0 = Debug|x86
		{BA58B05D-8EEE-4FF3-B644-46528525C0A8}.Release|Any CPU.ActiveCfg = Release|x86
		{BA58B05D-8EEE-4FF3-B644-46528525C0A8}.Release|x86.ActiveCfg = Release|x86
		{BA58B05D-8EEE-4FF3-B644-46528525C0A8}.Release|x86.Build.0 = Release|x86
		{B311E47E-EC9D-4B07-BC63-84C602FB88DE}.Debug|Any CPU.ActiveCfg = Debug|x86
		{B311E47E-EC9D-4B07-BC63-84C602FB88DE}.Debug|x86.ActiveCfg = Debug|x86
		{B311E47E-EC9D-4B07-BC63-84C602FB88DE}.Debug|x86.Build.0 = Debug|x86
		{B311E47E-EC9D-4B07-BC63-84C602FB88DE}.Release|Any CPU.ActiveCfg = Release|x86
		{B311E47E-EC9D-4B07-BC63-84C602FB88DE}.Release|x86.ActiveCfg = Release|x86
		{B311E47E-EC9D-4B07-BC63-84C602FB88DE}.Release|x86.Build.0 = Release|x86
		{52B20D1B-ACF7-48EF-9614-FC5E6EFA5822}.Debug|Any CPU.ActiveCfg = Debug|Any CPU
		{52B20D1B-ACF7-48EF-9614-FC5E6EFA5822}.Debug|Any CPU.Build.0 = Debug|Any CPU
		{52B20D1B-ACF7-48EF-9614-FC5E6EFA5822}.Debug|x86.ActiveCfg = Debug|Any CPU
		{52B20D1B-ACF7-48EF-9614-FC5E6EFA5822}.Debug|x86.Build.0 = Debug|Any CPU
		{52B20D1B-ACF7-48EF-9614-FC5E6EFA5822}.Release|Any CPU.ActiveCfg = Release|Any CPU
		{52B20D1B-ACF7-48EF-9614-FC5E6EFA5822}.Release|Any CPU.Build.0 = Release|Any CPU
		{52B20D1B-ACF7-48EF-9614-FC5E6EFA5822}.Release|x86.ActiveCfg = Release|Any CPU
		{52B20D1B-ACF7-48EF-9614-FC5E6EFA5822}.Release|x86.Build.0 = Release|Any CPU
		{934EC2B1-6E14-4F63-8632-125BB708EEFD}.Debug|Any CPU.ActiveCfg = Debug|Any CPU
		{934EC2B1-6E14-4F63-8632-125BB708EEFD}.Debug|Any CPU.Build.0 = Debug|Any CPU
		{934EC2B1-6E14-4F63-8632-125BB708EEFD}.Debug|x86.ActiveCfg = Debug|Any CPU
		{934EC2B1-6E14-4F63-8632-125BB708EEFD}.Debug|x86.Build.0 = Debug|Any CPU
		{934EC2B1-6E14-4F63-8632-125BB708EEFD}.Release|Any CPU.ActiveCfg = Release|Any CPU
		{934EC2B1-6E14-4F63-8632-125BB708EEFD}.Release|Any CPU.Build.0 = Release|Any CPU
		{934EC2B1-6E14-4F63-8632-125BB708EEFD}.Release|x86.ActiveCfg = Release|Any CPU
		{934EC2B1-6E14-4F63-8632-125BB708EEFD}.Release|x86.Build.0 = Release|Any CPU
	EndGlobalSection
	GlobalSection(SolutionProperties) = preSolution
		HideSolutionNode = FALSE
	EndGlobalSection
EndGlobal
